// !$*UTF8*$!
{
	archiveVersion = 1;
	classes = {
	};
	objectVersion = 46;
	objects = {

/* Begin PBXBuildFile section */
		DE9CD8FF1E5091330058960E /* AppDelegate.swift in Sources */ = {isa = PBXBuildFile; fileRef = DE9CD8FE1E5091330058960E /* AppDelegate.swift */; };
		DE9CD9041E5091330058960E /* Main.storyboard in Resources */ = {isa = PBXBuildFile; fileRef = DE9CD9021E5091330058960E /* Main.storyboard */; };
		DE9CD9071E5091330058960E /* PickerView.xcdatamodeld in Sources */ = {isa = PBXBuildFile; fileRef = DE9CD9051E5091330058960E /* PickerView.xcdatamodeld */; };
		DE9CD9091E5091330058960E /* Assets.xcassets in Resources */ = {isa = PBXBuildFile; fileRef = DE9CD9081E5091330058960E /* Assets.xcassets */; };
		DE9CD90C1E5091330058960E /* LaunchScreen.storyboard in Resources */ = {isa = PBXBuildFile; fileRef = DE9CD90A1E5091330058960E /* LaunchScreen.storyboard */; };
		DE9CD9141E5091980058960E /* DisplayViewController.swift in Sources */ = {isa = PBXBuildFile; fileRef = DE9CD9131E5091980058960E /* DisplayViewController.swift */; };
		DE9CD9161E50936E0058960E /* EnterViewController.swift in Sources */ = {isa = PBXBuildFile; fileRef = DE9CD9151E50936E0058960E /* EnterViewController.swift */; };
		DE9CD91A1E5097090058960E /* PickerViewCustomCell.swift in Sources */ = {isa = PBXBuildFile; fileRef = DE9CD9191E5097090058960E /* PickerViewCustomCell.swift */; };
		DE9CD91C1E52275B0058960E /* PickerViewController.swift in Sources */ = {isa = PBXBuildFile; fileRef = DE9CD91B1E52275B0058960E /* PickerViewController.swift */; };
/* End PBXBuildFile section */

/* Begin PBXFileReference section */
		DE9CD8FB1E5091330058960E /* PickerView.app */ = {isa = PBXFileReference; explicitFileType = wrapper.application; includeInIndex = 0; path = PickerView.app; sourceTree = BUILT_PRODUCTS_DIR; };
		DE9CD8FE1E5091330058960E /* AppDelegate.swift */ = {isa = PBXFileReference; lastKnownFileType = sourcecode.swift; path = AppDelegate.swift; sourceTree = "<group>"; };
		DE9CD9031E5091330058960E /* Base */ = {isa = PBXFileReference; lastKnownFileType = file.storyboard; name = Base; path = Base.lproj/Main.storyboard; sourceTree = "<group>"; };
		DE9CD9061E5091330058960E /* PickerView.xcdatamodel */ = {isa = PBXFileReference; lastKnownFileType = wrapper.xcdatamodel; path = PickerView.xcdatamodel; sourceTree = "<group>"; };
		DE9CD9081E5091330058960E /* Assets.xcassets */ = {isa = PBXFileReference; lastKnownFileType = folder.assetcatalog; path = Assets.xcassets; sourceTree = "<group>"; };
		DE9CD90B1E5091330058960E /* Base */ = {isa = PBXFileReference; lastKnownFileType = file.storyboard; name = Base; path = Base.lproj/LaunchScreen.storyboard; sourceTree = "<group>"; };
		DE9CD90D1E5091330058960E /* Info.plist */ = {isa = PBXFileReference; lastKnownFileType = text.plist.xml; path = Info.plist; sourceTree = "<group>"; };
		DE9CD9131E5091980058960E /* DisplayViewController.swift */ = {isa = PBXFileReference; fileEncoding = 4; lastKnownFileType = sourcecode.swift; name = DisplayViewController.swift; path = ../DisplayViewController.swift; sourceTree = "<group>"; };
		DE9CD9151E50936E0058960E /* EnterViewController.swift */ = {isa = PBXFileReference; fileEncoding = 4; lastKnownFileType = sourcecode.swift; path = EnterViewController.swift; sourceTree = "<group>"; };
		DE9CD9191E5097090058960E /* PickerViewCustomCell.swift */ = {isa = PBXFileReference; fileEncoding = 4; lastKnownFileType = sourcecode.swift; path = PickerViewCustomCell.swift; sourceTree = SOURCE_ROOT; };
		DE9CD91B1E52275B0058960E /* PickerViewController.swift */ = {isa = PBXFileReference; fileEncoding = 4; lastKnownFileType = sourcecode.swift; path = PickerViewController.swift; sourceTree = "<group>"; };
/* End PBXFileReference section */

/* Begin PBXFrameworksBuildPhase section */
		DE9CD8F81E5091330058960E /* Frameworks */ = {
			isa = PBXFrameworksBuildPhase;
			buildActionMask = 2147483647;
			files = (
			);
			runOnlyForDeploymentPostprocessing = 0;
		};
/* End PBXFrameworksBuildPhase section */

/* Begin PBXGroup section */
		DE9CD8F21E5091330058960E = {
			isa = PBXGroup;
			children = (
				DE9CD8FD1E5091330058960E /* PickerView */,
				DE9CD8FC1E5091330058960E /* Products */,
			);
			sourceTree = "<group>";
		};
		DE9CD8FC1E5091330058960E /* Products */ = {
			isa = PBXGroup;
			children = (
				DE9CD8FB1E5091330058960E /* PickerView.app */,
			);
			name = Products;
			sourceTree = "<group>";
		};
		DE9CD8FD1E5091330058960E /* PickerView */ = {
			isa = PBXGroup;
			children = (
				DE9CD8FE1E5091330058960E /* AppDelegate.swift */,
				DE9CD9131E5091980058960E /* DisplayViewController.swift */,
				DE9CD9151E50936E0058960E /* EnterViewController.swift */,
				DE9CD91B1E52275B0058960E /* PickerViewController.swift */,
				DE9CD9191E5097090058960E /* PickerViewCustomCell.swift */,
				DE9CD9021E5091330058960E /* Main.storyboard */,
				DE9CD9081E5091330058960E /* Assets.xcassets */,
				DE9CD90A1E5091330058960E /* LaunchScreen.storyboard */,
				DE9CD90D1E5091330058960E /* Info.plist */,
				DE9CD9051E5091330058960E /* PickerView.xcdatamodeld */,
			);
			path = PickerView;
			sourceTree = "<group>";
		};
/* End PBXGroup section */

/* Begin PBXNativeTarget section */
		DE9CD8FA1E5091330058960E /* PickerView */ = {
			isa = PBXNativeTarget;
			buildConfigurationList = DE9CD9101E5091330058960E /* Build configuration list for PBXNativeTarget "PickerView" */;
			buildPhases = (
				DE9CD8F71E5091330058960E /* Sources */,
				DE9CD8F81E5091330058960E /* Frameworks */,
				DE9CD8F91E5091330058960E /* Resources */,
			);
			buildRules = (
			);
			dependencies = (
			);
			name = PickerView;
			productName = PickerView;
			productReference = DE9CD8FB1E5091330058960E /* PickerView.app */;
			productType = "com.apple.product-type.application";
		};
/* End PBXNativeTarget section */

/* Begin PBXProject section */
		DE9CD8F31E5091330058960E /* Project object */ = {
			isa = PBXProject;
			attributes = {
				LastSwiftUpdateCheck = 0810;
				LastUpgradeCheck = 0810;
				ORGANIZATIONNAME = "Tatiana Looby";
				TargetAttributes = {
					DE9CD8FA1E5091330058960E = {
						CreatedOnToolsVersion = 8.1;
						ProvisioningStyle = Automatic;
					};
				};
			};
			buildConfigurationList = DE9CD8F61E5091330058960E /* Build configuration list for PBXProject "PickerView" */;
			compatibilityVersion = "Xcode 3.2";
			developmentRegion = English;
			hasScannedForEncodings = 0;
			knownRegions = (
				en,
				Base,
			);
			mainGroup = DE9CD8F21E5091330058960E;
			productRefGroup = DE9CD8FC1E5091330058960E /* Products */;
			projectDirPath = "";
			projectRoot = "";
			targets = (
				DE9CD8FA1E5091330058960E /* PickerView */,
			);
		};
/* End PBXProject section */

/* Begin PBXResourcesBuildPhase section */
		DE9CD8F91E5091330058960E /* Resources */ = {
			isa = PBXResourcesBuildPhase;
			buildActionMask = 2147483647;
			files = (
				DE9CD90C1E5091330058960E /* LaunchScreen.storyboard in Resources */,
				DE9CD9091E5091330058960E /* Assets.xcassets in Resources */,
				DE9CD9041E5091330058960E /* Main.storyboard in Resources */,
			);
			runOnlyForDeploymentPostprocessing = 0;
		};
/* End PBXResourcesBuildPhase section */

/* Begin PBXSourcesBuildPhase section */
		DE9CD8F71E5091330058960E /* Sources */ = {
			isa = PBXSourcesBuildPhase;
			buildActionMask = 2147483647;
			files = (
				DE9CD91C1E52275B0058960E /* PickerViewController.swift in Sources */,
				DE9CD9071E5091330058960E /* PickerView.xcdatamodeld in Sources */,
				DE9CD9161E50936E0058960E /* EnterViewController.swift in Sources */,
				DE9CD9141E5091980058960E /* DisplayViewController.swift in Sources */,
				DE9CD8FF1E5091330058960E /* AppDelegate.swift in Sources */,
				DE9CD91A1E5097090058960E /* PickerViewCustomCell.swift in Sources */,
			);
			runOnlyForDeploymentPostprocessing = 0;
		};
/* End PBXSourcesBuildPhase section */

/* Begin PBXVariantGroup section */
		DE9CD9021E5091330058960E /* Main.storyboard */ = {
			isa = PBXVariantGroup;
			children = (
				DE9CD9031E5091330058960E /* Base */,
			);
			name = Main.storyboard;
			sourceTree = "<group>";
		};
		DE9CD90A1E5091330058960E /* LaunchScreen.storyboard */ = {
			isa = PBXVariantGroup;
			children = (
				DE9CD90B1E5091330058960E /* Base */,
			);
			name = LaunchScreen.storyboard;
			sourceTree = "<group>";
		};
/* End PBXVariantGroup section */

/* Begin XCBuildConfiguration section */
		DE9CD90E1E5091330058960E /* Debug */ = {
			isa = XCBuildConfiguration;
			buildSettings = {
				ALWAYS_SEARCH_USER_PATHS = NO;
				CLANG_ANALYZER_NONNULL = YES;
				CLANG_CXX_LANGUAGE_STANDARD = "gnu++0x";
				CLANG_CXX_LIBRARY = "libc++";
				CLANG_ENABLE_MODULES = YES;
				CLANG_ENABLE_OBJC_ARC = YES;
				CLANG_WARN_BOOL_CONVERSION = YES;
				CLANG_WARN_CONSTANT_CONVERSION = YES;
				CLANG_WARN_DIRECT_OBJC_ISA_USAGE = YES_ERROR;
				CLANG_WARN_DOCUMENTATION_COMMENTS = YES;
				CLANG_WARN_EMPTY_BODY = YES;
				CLANG_WARN_ENUM_CONVERSION = YES;
				CLANG_WARN_INFINITE_RECURSION = YES;
				CLANG_WARN_INT_CONVERSION = YES;
				CLANG_WARN_OBJC_ROOT_CLASS = YES_ERROR;
				CLANG_WARN_SUSPICIOUS_MOVES = YES;
				CLANG_WARN_UNREACHABLE_CODE = YES;
				CLANG_WARN__DUPLICATE_METHOD_MATCH = YES;
				"CODE_SIGN_IDENTITY[sdk=iphoneos*]" = "iPhone Developer";
				COPY_PHASE_STRIP = NO;
				DEBUG_INFORMATION_FORMAT = dwarf;
				ENABLE_STRICT_OBJC_MSGSEND = YES;
				ENABLE_TESTABILITY = YES;
				GCC_C_LANGUAGE_STANDARD = gnu99;
				GCC_DYNAMIC_NO_PIC = NO;
				GCC_NO_COMMON_BLOCKS = YES;
				GCC_OPTIMIZATION_LEVEL = 0;
				GCC_PREPROCESSOR_DEFINITIONS = (
					"DEBUG=1",
					"$(inherited)",
				);
				GCC_WARN_64_TO_32_BIT_CONVERSION = YES;
				GCC_WARN_ABOUT_RETURN_TYPE = YES_ERROR;
				GCC_WARN_UNDECLARED_SELECTOR = YES;
				GCC_WARN_UNINITIALIZED_AUTOS = YES_AGGRESSIVE;
				GCC_WARN_UNUSED_FUNCTION = YES;
				GCC_WARN_UNUSED_VARIABLE = YES;
				IPHONEOS_DEPLOYMENT_TARGET = 10.1;
				MTL_ENABLE_DEBUG_INFO = YES;
				ONLY_ACTIVE_ARCH = YES;
				SDKROOT = iphoneos;
				SWIFT_ACTIVE_COMPILATION_CONDITIONS = DEBUG;
				SWIFT_OPTIMIZATION_LEVEL = "-Onone";
				TARGETED_DEVICE_FAMILY = "1,2";
			};
			name = Debug;
		};
		DE9CD90F1E5091330058960E /* Release */ = {
			isa = XCBuildConfiguration;
			buildSettings = {
				ALWAYS_SEARCH_USER_PATHS = NO;
				CLANG_ANALYZER_NONNULL = YES;
				CLANG_CXX_LANGUAGE_STANDARD = "gnu++0x";
				CLANG_CXX_LIBRARY = "libc++";
				CLANG_ENABLE_MODULES = YES;
				CLANG_ENABLE_OBJC_ARC = YES;
				CLANG_WARN_BOOL_CONVERSION = YES;
				CLANG_WARN_CONSTANT_CONVERSION = YES;
				CLANG_WARN_DIRECT_OBJC_ISA_USAGE = YES_ERROR;
				CLANG_WARN_DOCUMENTATION_COMMENTS = YES;
				CLANG_WARN_EMPTY_BODY = YES;
				CLANG_WARN_ENUM_CONVERSION = YES;
				CLANG_WARN_INFINITE_RECURSION = YES;
				CLANG_WARN_INT_CONVERSION = YES;
				CLANG_WARN_OBJC_ROOT_CLASS = YES_ERROR;
				CLANG_WARN_SUSPICIOUS_MOVES = YES;
				CLANG_WARN_UNREACHABLE_CODE = YES;
				CLANG_WARN__DUPLICATE_METHOD_MATCH = YES;
				"CODE_SIGN_IDENTITY[sdk=iphoneos*]" = "iPhone Developer";
				COPY_PHASE_STRIP = NO;
				DEBUG_INFORMATION_FORMAT = "dwarf-with-dsym";
				ENABLE_NS_ASSERTIONS = NO;
				ENABLE_STRICT_OBJC_MSGSEND = YES;
				GCC_C_LANGUAGE_STANDARD = gnu99;
				GCC_NO_COMMON_BLOCKS = YES;
				GCC_WARN_64_TO_32_BIT_CONVERSION = YES;
				GCC_WARN_ABOUT_RETURN_TYPE = YES_ERROR;
				GCC_WARN_UNDECLARED_SELECTOR = YES;
				GCC_WARN_UNINITIALIZED_AUTOS = YES_AGGRESSIVE;
				GCC_WARN_UNUSED_FUNCTION = YES;
				GCC_WARN_UNUSED_VARIABLE = YES;
				IPHONEOS_DEPLOYMENT_TARGET = 10.1;
				MTL_ENABLE_DEBUG_INFO = NO;
				SDKROOT = iphoneos;
				SWIFT_OPTIMIZATION_LEVEL = "-Owholemodule";
				TARGETED_DEVICE_FAMILY = "1,2";
				VALIDATE_PRODUCT = YES;
			};
			name = Release;
		};
		DE9CD9111E5091330058960E /* Debug */ = {
			isa = XCBuildConfiguration;
			buildSettings = {
				ASSETCATALOG_COMPILER_APPICON_NAME = AppIcon;
				INFOPLIST_FILE = PickerView/Info.plist;
				LD_RUNPATH_SEARCH_PATHS = "$(inherited) @executable_path/Frameworks";
				PRODUCT_BUNDLE_IDENTIFIER = com.tatianalooby.PickerView;
				PRODUCT_NAME = "$(TARGET_NAME)";
				SWIFT_VERSION = 3.0;
			};
			name = Debug;
		};
		DE9CD9121E5091330058960E /* Release */ = {
			isa = XCBuildConfiguration;
			buildSettings = {
				ASSETCATALOG_COMPILER_APPICON_NAME = AppIcon;
				INFOPLIST_FILE = PickerView/Info.plist;
				LD_RUNPATH_SEARCH_PATHS = "$(inherited) @executable_path/Frameworks";
				PRODUCT_BUNDLE_IDENTIFIER = com.tatianalooby.PickerView;
				PRODUCT_NAME = "$(TARGET_NAME)";
				SWIFT_VERSION = 3.0;
			};
			name = Release;
		};
/* End XCBuildConfiguration section */

/* Begin XCConfigurationList section */
		DE9CD8F61E5091330058960E /* Build configuration list for PBXProject "PickerView" */ = {
			isa = XCConfigurationList;
			buildConfigurations = (
				DE9CD90E1E5091330058960E /* Debug */,
				DE9CD90F1E5091330058960E /* Release */,
			);
			defaultConfigurationIsVisible = 0;
			defaultConfigurationName = Release;
		};
		DE9CD9101E5091330058960E /* Build configuration list for PBXNativeTarget "PickerView" */ = {
			isa = XCConfigurationList;
			buildConfigurations = (
				DE9CD9111E5091330058960E /* Debug */,
				DE9CD9121E5091330058960E /* Release */,
			);
			defaultConfigurationIsVisible = 0;
		};
/* End XCConfigurationList section */

/* Begin XCVersionGroup section */
		DE9CD9051E5091330058960E /* PickerView.xcdatamodeld */ = {
			isa = XCVersionGroup;
			children = (
				DE9CD9061E5091330058960E /* PickerView.xcdatamodel */,
			);
			currentVersion = DE9CD9061E5091330058960E /* PickerView.xcdatamodel */;
			path = PickerView.xcdatamodeld;
			sourceTree = "<group>";
			versionGroupType = wrapper.xcdatamodel;
		};
/* End XCVersionGroup section */
	};
	rootObject = DE9CD8F31E5091330058960E /* Project object */;
}
